// !$*UTF8*$!
{
	archiveVersion = 1;
	classes = {
	};
	objectVersion = 50;
	objects = {

/* Begin PBXBuildFile section */
		7C0EA03026F5998B001457C4 /* UserCell.swift in Sources */ = {isa = PBXBuildFile; fileRef = 7C0EA02F26F5998B001457C4 /* UserCell.swift */; };
		7C0EA03226F5A105001457C4 /* ReusableView.swift in Sources */ = {isa = PBXBuildFile; fileRef = 7C0EA03126F5A105001457C4 /* ReusableView.swift */; };
		7C0EA03426F5A110001457C4 /* UITableView+Convenience.swift in Sources */ = {isa = PBXBuildFile; fileRef = 7C0EA03326F5A110001457C4 /* UITableView+Convenience.swift */; };
		7C0EA03726F5A541001457C4 /* NoteUserCell.swift in Sources */ = {isa = PBXBuildFile; fileRef = 7C0EA03626F5A541001457C4 /* NoteUserCell.swift */; };
		7C0EA03B26F5D8C6001457C4 /* NavigationController.swift in Sources */ = {isa = PBXBuildFile; fileRef = 7C0EA03A26F5D8C6001457C4 /* NavigationController.swift */; };
		7C0EA03D26F5DA7C001457C4 /* UserListPresenter.swift in Sources */ = {isa = PBXBuildFile; fileRef = 7C0EA03C26F5DA7C001457C4 /* UserListPresenter.swift */; };
		7C0EA04026F5E5F0001457C4 /* Media.swift in Sources */ = {isa = PBXBuildFile; fileRef = 7C0EA03F26F5E5F0001457C4 /* Media.swift */; };
		7C0EA04226F5E60B001457C4 /* User.swift in Sources */ = {isa = PBXBuildFile; fileRef = 7C0EA04126F5E60B001457C4 /* User.swift */; };
		7C0EA04426F5E635001457C4 /* UserProfile.swift in Sources */ = {isa = PBXBuildFile; fileRef = 7C0EA04326F5E635001457C4 /* UserProfile.swift */; };
		7C0EA04626F5E65A001457C4 /* SearchMode.swift in Sources */ = {isa = PBXBuildFile; fileRef = 7C0EA04526F5E65A001457C4 /* SearchMode.swift */; };
		7C0EA04A26F5E6F1001457C4 /* UserRepository.swift in Sources */ = {isa = PBXBuildFile; fileRef = 7C0EA04926F5E6F1001457C4 /* UserRepository.swift */; };
		7C0EA04C26F5E706001457C4 /* UserService.swift in Sources */ = {isa = PBXBuildFile; fileRef = 7C0EA04B26F5E706001457C4 /* UserService.swift */; };
		7C0EA04F26F5EE01001457C4 /* User+UserNetworkModel.swift in Sources */ = {isa = PBXBuildFile; fileRef = 7C0EA04E26F5EE01001457C4 /* User+UserNetworkModel.swift */; };
		7C0EA05126F61CE7001457C4 /* User+TableViewItem.swift in Sources */ = {isa = PBXBuildFile; fileRef = 7C0EA05026F61CE7001457C4 /* User+TableViewItem.swift */; };
		7C0EA05326F62060001457C4 /* CoreDataUserRepository.swift in Sources */ = {isa = PBXBuildFile; fileRef = 7C0EA05226F62060001457C4 /* CoreDataUserRepository.swift */; };
		7C0EA05526F623B8001457C4 /* BackendUserService.swift in Sources */ = {isa = PBXBuildFile; fileRef = 7C0EA05426F623B8001457C4 /* BackendUserService.swift */; };
		7C33611526F8515800688EC1 /* CoreDataStack.swift in Sources */ = {isa = PBXBuildFile; fileRef = 7C33611426F8515800688EC1 /* CoreDataStack.swift */; };
		7C33611826F8709B00688EC1 /* MediaMO+CoreDataClass.swift in Sources */ = {isa = PBXBuildFile; fileRef = 7C33611626F8709B00688EC1 /* MediaMO+CoreDataClass.swift */; };
		7C33611926F8709B00688EC1 /* MediaMO+CoreDataProperties.swift in Sources */ = {isa = PBXBuildFile; fileRef = 7C33611726F8709B00688EC1 /* MediaMO+CoreDataProperties.swift */; };
		7C33611B26F8747400688EC1 /* FileManager+Extension.swift in Sources */ = {isa = PBXBuildFile; fileRef = 7C33611A26F8747400688EC1 /* FileManager+Extension.swift */; };
		7CD7EDEE26F739C30004DD70 /* HTTPClient.swift in Sources */ = {isa = PBXBuildFile; fileRef = 7CD7EDED26F739C30004DD70 /* HTTPClient.swift */; };
		7CD7EDF026F73EB10004DD70 /* AsyncOperation.swift in Sources */ = {isa = PBXBuildFile; fileRef = 7CD7EDEF26F73EB10004DD70 /* AsyncOperation.swift */; };
		7CD7EDF226F742CA0004DD70 /* DataTaskOperation.swift in Sources */ = {isa = PBXBuildFile; fileRef = 7CD7EDF126F742CA0004DD70 /* DataTaskOperation.swift */; };
		7CD7EDF426F758600004DD70 /* AppConfig.swift in Sources */ = {isa = PBXBuildFile; fileRef = 7CD7EDF326F758600004DD70 /* AppConfig.swift */; };
		7CD7EDF626F7A0D10004DD70 /* AppRequiredInstances.swift in Sources */ = {isa = PBXBuildFile; fileRef = 7CD7EDF526F7A0D10004DD70 /* AppRequiredInstances.swift */; };
		7CD7EDF826F7A3330004DD70 /* HTTPModels.swift in Sources */ = {isa = PBXBuildFile; fileRef = 7CD7EDF726F7A3330004DD70 /* HTTPModels.swift */; };
		7CD7EDFA26F7A3DD0004DD70 /* DownloadTaskOperation.swift in Sources */ = {isa = PBXBuildFile; fileRef = 7CD7EDF926F7A3DD0004DD70 /* DownloadTaskOperation.swift */; };
		7CD7EDFC26F7A53F0004DD70 /* MediaManager.swift in Sources */ = {isa = PBXBuildFile; fileRef = 7CD7EDFB26F7A53F0004DD70 /* MediaManager.swift */; };
		7CD7EDFE26F7A5600004DD70 /* DownloadCleint.swift in Sources */ = {isa = PBXBuildFile; fileRef = 7CD7EDFD26F7A5600004DD70 /* DownloadCleint.swift */; };
		7CD7EE0026F7AAD80004DD70 /* HTTPURLResponse+Extensions.swift in Sources */ = {isa = PBXBuildFile; fileRef = 7CD7EDFF26F7AAD80004DD70 /* HTTPURLResponse+Extensions.swift */; };
		7CD7EE0426F7ADDF0004DD70 /* MediaRepository.swift in Sources */ = {isa = PBXBuildFile; fileRef = 7CD7EE0326F7ADDF0004DD70 /* MediaRepository.swift */; };
		7CD7EE0626F7B2410004DD70 /* CoreDataMediaRepository.swift in Sources */ = {isa = PBXBuildFile; fileRef = 7CD7EE0526F7B2410004DD70 /* CoreDataMediaRepository.swift */; };
		7CD7EE0826F7B3DD0004DD70 /* UIImageView+Extension.swift in Sources */ = {isa = PBXBuildFile; fileRef = 7CD7EE0726F7B3DD0004DD70 /* UIImageView+Extension.swift */; };
		7CD7EE0A26F7BA510004DD70 /* ImageLoader.swift in Sources */ = {isa = PBXBuildFile; fileRef = 7CD7EE0926F7BA510004DD70 /* ImageLoader.swift */; };
		7CD7EE0D26F7C0BD0004DD70 /* tawk_git.xcdatamodeld in Sources */ = {isa = PBXBuildFile; fileRef = 7CD7EE0B26F7C0BD0004DD70 /* tawk_git.xcdatamodeld */; };
		7CEA73C726F4B75000FE3DBA /* AppDelegate.swift in Sources */ = {isa = PBXBuildFile; fileRef = 7CEA73C626F4B75000FE3DBA /* AppDelegate.swift */; };
		7CEA73CB26F4B75000FE3DBA /* UserListVC.swift in Sources */ = {isa = PBXBuildFile; fileRef = 7CEA73CA26F4B75000FE3DBA /* UserListVC.swift */; };
		7CEA73D026F4B75200FE3DBA /* Assets.xcassets in Resources */ = {isa = PBXBuildFile; fileRef = 7CEA73CF26F4B75200FE3DBA /* Assets.xcassets */; };
		7CEA73D326F4B75200FE3DBA /* LaunchScreen.storyboard in Resources */ = {isa = PBXBuildFile; fileRef = 7CEA73D126F4B75200FE3DBA /* LaunchScreen.storyboard */; };
		7CEA73E026F4BC0E00FE3DBA /* UserNetworkModel.swift in Sources */ = {isa = PBXBuildFile; fileRef = 7CEA73DF26F4BC0E00FE3DBA /* UserNetworkModel.swift */; };
		7CEA73E226F4BFB500FE3DBA /* UserProfileNetworkModel.swift in Sources */ = {isa = PBXBuildFile; fileRef = 7CEA73E126F4BFB500FE3DBA /* UserProfileNetworkModel.swift */; };
		7CEA73E626F4C06E00FE3DBA /* user_list.json in Resources */ = {isa = PBXBuildFile; fileRef = 7CEA73E526F4C06E00FE3DBA /* user_list.json */; };
		7CEA73E826F4C08B00FE3DBA /* user_profile.json in Resources */ = {isa = PBXBuildFile; fileRef = 7CEA73E726F4C08B00FE3DBA /* user_profile.json */; };
/* End PBXBuildFile section */

/* Begin PBXFileReference section */
		7C0EA02F26F5998B001457C4 /* UserCell.swift */ = {isa = PBXFileReference; lastKnownFileType = sourcecode.swift; path = UserCell.swift; sourceTree = "<group>"; };
		7C0EA03126F5A105001457C4 /* ReusableView.swift */ = {isa = PBXFileReference; fileEncoding = 4; lastKnownFileType = sourcecode.swift; path = ReusableView.swift; sourceTree = "<group>"; };
		7C0EA03326F5A110001457C4 /* UITableView+Convenience.swift */ = {isa = PBXFileReference; fileEncoding = 4; lastKnownFileType = sourcecode.swift; path = "UITableView+Convenience.swift"; sourceTree = "<group>"; };
		7C0EA03626F5A541001457C4 /* NoteUserCell.swift */ = {isa = PBXFileReference; lastKnownFileType = sourcecode.swift; path = NoteUserCell.swift; sourceTree = "<group>"; };
		7C0EA03A26F5D8C6001457C4 /* NavigationController.swift */ = {isa = PBXFileReference; lastKnownFileType = sourcecode.swift; path = NavigationController.swift; sourceTree = "<group>"; };
		7C0EA03C26F5DA7C001457C4 /* UserListPresenter.swift */ = {isa = PBXFileReference; lastKnownFileType = sourcecode.swift; path = UserListPresenter.swift; sourceTree = "<group>"; };
		7C0EA03F26F5E5F0001457C4 /* Media.swift */ = {isa = PBXFileReference; lastKnownFileType = sourcecode.swift; path = Media.swift; sourceTree = "<group>"; };
		7C0EA04126F5E60B001457C4 /* User.swift */ = {isa = PBXFileReference; lastKnownFileType = sourcecode.swift; path = User.swift; sourceTree = "<group>"; };
		7C0EA04326F5E635001457C4 /* UserProfile.swift */ = {isa = PBXFileReference; lastKnownFileType = sourcecode.swift; path = UserProfile.swift; sourceTree = "<group>"; };
		7C0EA04526F5E65A001457C4 /* SearchMode.swift */ = {isa = PBXFileReference; lastKnownFileType = sourcecode.swift; path = SearchMode.swift; sourceTree = "<group>"; };
		7C0EA04926F5E6F1001457C4 /* UserRepository.swift */ = {isa = PBXFileReference; lastKnownFileType = sourcecode.swift; path = UserRepository.swift; sourceTree = "<group>"; };
		7C0EA04B26F5E706001457C4 /* UserService.swift */ = {isa = PBXFileReference; lastKnownFileType = sourcecode.swift; path = UserService.swift; sourceTree = "<group>"; };
		7C0EA04E26F5EE01001457C4 /* User+UserNetworkModel.swift */ = {isa = PBXFileReference; lastKnownFileType = sourcecode.swift; path = "User+UserNetworkModel.swift"; sourceTree = "<group>"; };
		7C0EA05026F61CE7001457C4 /* User+TableViewItem.swift */ = {isa = PBXFileReference; lastKnownFileType = sourcecode.swift; path = "User+TableViewItem.swift"; sourceTree = "<group>"; };
		7C0EA05226F62060001457C4 /* CoreDataUserRepository.swift */ = {isa = PBXFileReference; lastKnownFileType = sourcecode.swift; path = CoreDataUserRepository.swift; sourceTree = "<group>"; };
		7C0EA05426F623B8001457C4 /* BackendUserService.swift */ = {isa = PBXFileReference; lastKnownFileType = sourcecode.swift; path = BackendUserService.swift; sourceTree = "<group>"; };
		7C33611426F8515800688EC1 /* CoreDataStack.swift */ = {isa = PBXFileReference; lastKnownFileType = sourcecode.swift; path = CoreDataStack.swift; sourceTree = "<group>"; };
		7C33611626F8709B00688EC1 /* MediaMO+CoreDataClass.swift */ = {isa = PBXFileReference; lastKnownFileType = sourcecode.swift; path = "MediaMO+CoreDataClass.swift"; sourceTree = SOURCE_ROOT; };
		7C33611726F8709B00688EC1 /* MediaMO+CoreDataProperties.swift */ = {isa = PBXFileReference; lastKnownFileType = sourcecode.swift; path = "MediaMO+CoreDataProperties.swift"; sourceTree = SOURCE_ROOT; };
		7C33611A26F8747400688EC1 /* FileManager+Extension.swift */ = {isa = PBXFileReference; lastKnownFileType = sourcecode.swift; path = "FileManager+Extension.swift"; sourceTree = "<group>"; };
		7CD7EDED26F739C30004DD70 /* HTTPClient.swift */ = {isa = PBXFileReference; lastKnownFileType = sourcecode.swift; path = HTTPClient.swift; sourceTree = "<group>"; };
		7CD7EDEF26F73EB10004DD70 /* AsyncOperation.swift */ = {isa = PBXFileReference; lastKnownFileType = sourcecode.swift; path = AsyncOperation.swift; sourceTree = "<group>"; };
		7CD7EDF126F742CA0004DD70 /* DataTaskOperation.swift */ = {isa = PBXFileReference; lastKnownFileType = sourcecode.swift; path = DataTaskOperation.swift; sourceTree = "<group>"; };
		7CD7EDF326F758600004DD70 /* AppConfig.swift */ = {isa = PBXFileReference; lastKnownFileType = sourcecode.swift; path = AppConfig.swift; sourceTree = "<group>"; };
		7CD7EDF526F7A0D10004DD70 /* AppRequiredInstances.swift */ = {isa = PBXFileReference; lastKnownFileType = sourcecode.swift; path = AppRequiredInstances.swift; sourceTree = "<group>"; };
		7CD7EDF726F7A3330004DD70 /* HTTPModels.swift */ = {isa = PBXFileReference; lastKnownFileType = sourcecode.swift; path = HTTPModels.swift; sourceTree = "<group>"; };
		7CD7EDF926F7A3DD0004DD70 /* DownloadTaskOperation.swift */ = {isa = PBXFileReference; lastKnownFileType = sourcecode.swift; path = DownloadTaskOperation.swift; sourceTree = "<group>"; };
		7CD7EDFB26F7A53F0004DD70 /* MediaManager.swift */ = {isa = PBXFileReference; lastKnownFileType = sourcecode.swift; path = MediaManager.swift; sourceTree = "<group>"; };
		7CD7EDFD26F7A5600004DD70 /* DownloadCleint.swift */ = {isa = PBXFileReference; lastKnownFileType = sourcecode.swift; path = DownloadCleint.swift; sourceTree = "<group>"; };
		7CD7EDFF26F7AAD80004DD70 /* HTTPURLResponse+Extensions.swift */ = {isa = PBXFileReference; lastKnownFileType = sourcecode.swift; path = "HTTPURLResponse+Extensions.swift"; sourceTree = "<group>"; };
		7CD7EE0326F7ADDF0004DD70 /* MediaRepository.swift */ = {isa = PBXFileReference; lastKnownFileType = sourcecode.swift; path = MediaRepository.swift; sourceTree = "<group>"; };
		7CD7EE0526F7B2410004DD70 /* CoreDataMediaRepository.swift */ = {isa = PBXFileReference; lastKnownFileType = sourcecode.swift; path = CoreDataMediaRepository.swift; sourceTree = "<group>"; };
		7CD7EE0726F7B3DD0004DD70 /* UIImageView+Extension.swift */ = {isa = PBXFileReference; lastKnownFileType = sourcecode.swift; path = "UIImageView+Extension.swift"; sourceTree = "<group>"; };
		7CD7EE0926F7BA510004DD70 /* ImageLoader.swift */ = {isa = PBXFileReference; lastKnownFileType = sourcecode.swift; path = ImageLoader.swift; sourceTree = "<group>"; };
		7CD7EE0C26F7C0BD0004DD70 /* tawk_git.xcdatamodel */ = {isa = PBXFileReference; lastKnownFileType = wrapper.xcdatamodel; path = tawk_git.xcdatamodel; sourceTree = "<group>"; };
		7CEA73C326F4B75000FE3DBA /* tawkGit.app */ = {isa = PBXFileReference; explicitFileType = wrapper.application; includeInIndex = 0; path = tawkGit.app; sourceTree = BUILT_PRODUCTS_DIR; };
		7CEA73C626F4B75000FE3DBA /* AppDelegate.swift */ = {isa = PBXFileReference; lastKnownFileType = sourcecode.swift; path = AppDelegate.swift; sourceTree = "<group>"; };
		7CEA73CA26F4B75000FE3DBA /* UserListVC.swift */ = {isa = PBXFileReference; lastKnownFileType = sourcecode.swift; path = UserListVC.swift; sourceTree = "<group>"; };
		7CEA73CF26F4B75200FE3DBA /* Assets.xcassets */ = {isa = PBXFileReference; lastKnownFileType = folder.assetcatalog; path = Assets.xcassets; sourceTree = "<group>"; };
		7CEA73D226F4B75200FE3DBA /* Base */ = {isa = PBXFileReference; lastKnownFileType = file.storyboard; name = Base; path = Base.lproj/LaunchScreen.storyboard; sourceTree = "<group>"; };
		7CEA73D426F4B75200FE3DBA /* Info.plist */ = {isa = PBXFileReference; lastKnownFileType = text.plist.xml; path = Info.plist; sourceTree = "<group>"; };
		7CEA73DF26F4BC0E00FE3DBA /* UserNetworkModel.swift */ = {isa = PBXFileReference; lastKnownFileType = sourcecode.swift; path = UserNetworkModel.swift; sourceTree = "<group>"; };
		7CEA73E126F4BFB500FE3DBA /* UserProfileNetworkModel.swift */ = {isa = PBXFileReference; lastKnownFileType = sourcecode.swift; path = UserProfileNetworkModel.swift; sourceTree = "<group>"; };
		7CEA73E526F4C06E00FE3DBA /* user_list.json */ = {isa = PBXFileReference; lastKnownFileType = text.json; path = user_list.json; sourceTree = "<group>"; };
		7CEA73E726F4C08B00FE3DBA /* user_profile.json */ = {isa = PBXFileReference; lastKnownFileType = text.json; path = user_profile.json; sourceTree = "<group>"; };
/* End PBXFileReference section */

/* Begin PBXFrameworksBuildPhase section */
		7CEA73C026F4B75000FE3DBA /* Frameworks */ = {
			isa = PBXFrameworksBuildPhase;
			buildActionMask = 2147483647;
			files = (
			);
			runOnlyForDeploymentPostprocessing = 0;
		};
/* End PBXFrameworksBuildPhase section */

/* Begin PBXGroup section */
		7C0EA02E26F59938001457C4 /* UserList */ = {
			isa = PBXGroup;
			children = (
				7C0EA02F26F5998B001457C4 /* UserCell.swift */,
				7C0EA03626F5A541001457C4 /* NoteUserCell.swift */,
				7CEA73CA26F4B75000FE3DBA /* UserListVC.swift */,
				7C0EA03C26F5DA7C001457C4 /* UserListPresenter.swift */,
			);
			path = UserList;
			sourceTree = "<group>";
		};
		7C0EA03526F5A16A001457C4 /* Utilities */ = {
			isa = PBXGroup;
			children = (
				7CD7EDEF26F73EB10004DD70 /* AsyncOperation.swift */,
				7C0EA03126F5A105001457C4 /* ReusableView.swift */,
				7CD7EDFB26F7A53F0004DD70 /* MediaManager.swift */,
				7CD7EE0926F7BA510004DD70 /* ImageLoader.swift */,
				7C0EA03326F5A110001457C4 /* UITableView+Convenience.swift */,
				7CD7EE0726F7B3DD0004DD70 /* UIImageView+Extension.swift */,
				7C33611A26F8747400688EC1 /* FileManager+Extension.swift */,
			);
			path = Utilities;
			sourceTree = "<group>";
		};
		7C0EA03E26F5E5D9001457C4 /* DomainModels */ = {
			isa = PBXGroup;
			children = (
				7C0EA03F26F5E5F0001457C4 /* Media.swift */,
				7C0EA04126F5E60B001457C4 /* User.swift */,
				7C0EA04326F5E635001457C4 /* UserProfile.swift */,
				7C0EA04526F5E65A001457C4 /* SearchMode.swift */,
			);
			path = DomainModels;
			sourceTree = "<group>";
		};
		7C0EA04726F5E67C001457C4 /* Services */ = {
			isa = PBXGroup;
			children = (
				7C0EA04B26F5E706001457C4 /* UserService.swift */,
				7C0EA05426F623B8001457C4 /* BackendUserService.swift */,
			);
			path = Services;
			sourceTree = "<group>";
		};
		7C0EA04826F5E6CA001457C4 /* Repository */ = {
			isa = PBXGroup;
			children = (
				7C0EA04926F5E6F1001457C4 /* UserRepository.swift */,
				7CD7EE0326F7ADDF0004DD70 /* MediaRepository.swift */,
				7C0EA05226F62060001457C4 /* CoreDataUserRepository.swift */,
				7CD7EE0526F7B2410004DD70 /* CoreDataMediaRepository.swift */,
			);
			path = Repository;
			sourceTree = "<group>";
		};
		7C0EA04D26F5EDE5001457C4 /* DataMapping */ = {
			isa = PBXGroup;
			children = (
				7C0EA04E26F5EE01001457C4 /* User+UserNetworkModel.swift */,
				7C0EA05026F61CE7001457C4 /* User+TableViewItem.swift */,
			);
			path = DataMapping;
			sourceTree = "<group>";
		};
		7C33611226F8512500688EC1 /* Models */ = {
			isa = PBXGroup;
			children = (
				7C33611626F8709B00688EC1 /* MediaMO+CoreDataClass.swift */,
				7C33611726F8709B00688EC1 /* MediaMO+CoreDataProperties.swift */,
			);
			path = Models;
			sourceTree = "<group>";
		};
		7C33611326F8513A00688EC1 /* Schema */ = {
			isa = PBXGroup;
			children = (
				7CD7EE0B26F7C0BD0004DD70 /* tawk_git.xcdatamodeld */,
			);
			path = Schema;
			sourceTree = "<group>";
		};
		7CD7EDEC26F739A80004DD70 /* Networking */ = {
			isa = PBXGroup;
			children = (
				7CD7EDFF26F7AAD80004DD70 /* HTTPURLResponse+Extensions.swift */,
				7CD7EDF126F742CA0004DD70 /* DataTaskOperation.swift */,
				7CD7EDF926F7A3DD0004DD70 /* DownloadTaskOperation.swift */,
				7CD7EDED26F739C30004DD70 /* HTTPClient.swift */,
				7CD7EDFD26F7A5600004DD70 /* DownloadCleint.swift */,
			);
			path = Networking;
			sourceTree = "<group>";
		};
		7CD7EE0E26F7C0C40004DD70 /* CoreData */ = {
			isa = PBXGroup;
			children = (
				7C33611226F8512500688EC1 /* Models */,
				7C33611326F8513A00688EC1 /* Schema */,
				7C33611426F8515800688EC1 /* CoreDataStack.swift */,
			);
			path = CoreData;
			sourceTree = "<group>";
		};
		7CEA73BA26F4B75000FE3DBA = {
			isa = PBXGroup;
			children = (
				7CEA73C526F4B75000FE3DBA /* tawkGit */,
				7CEA73C426F4B75000FE3DBA /* Products */,
			);
			sourceTree = "<group>";
		};
		7CEA73C426F4B75000FE3DBA /* Products */ = {
			isa = PBXGroup;
			children = (
				7CEA73C326F4B75000FE3DBA /* tawkGit.app */,
			);
			name = Products;
			sourceTree = "<group>";
		};
		7CEA73C526F4B75000FE3DBA /* tawkGit */ = {
			isa = PBXGroup;
			children = (
				7CEA73DA26F4BA3900FE3DBA /* App */,
				7CD7EE0E26F7C0C40004DD70 /* CoreData */,
				7C0EA04D26F5EDE5001457C4 /* DataMapping */,
				7CEA73DE26F4BBF900FE3DBA /* Model */,
				7CD7EDEC26F739A80004DD70 /* Networking */,
				7C0EA04826F5E6CA001457C4 /* Repository */,
				7CEA73DC26F4BA6100FE3DBA /* Resource */,
				7C0EA04726F5E67C001457C4 /* Services */,
				7C0EA03526F5A16A001457C4 /* Utilities */,
				7CEA73DB26F4BA4E00FE3DBA /* View */,
			);
			path = tawkGit;
			sourceTree = "<group>";
		};
		7CEA73DA26F4BA3900FE3DBA /* App */ = {
			isa = PBXGroup;
			children = (
				7CEA73D426F4B75200FE3DBA /* Info.plist */,
				7CD7EDF326F758600004DD70 /* AppConfig.swift */,
				7CD7EDF526F7A0D10004DD70 /* AppRequiredInstances.swift */,
				7CEA73C626F4B75000FE3DBA /* AppDelegate.swift */,
			);
			path = App;
			sourceTree = "<group>";
		};
		7CEA73DB26F4BA4E00FE3DBA /* View */ = {
			isa = PBXGroup;
			children = (
				7C0EA03A26F5D8C6001457C4 /* NavigationController.swift */,
				7CEA73DD26F4BA8200FE3DBA /* Launch */,
				7C0EA02E26F59938001457C4 /* UserList */,
			);
			path = View;
			sourceTree = "<group>";
		};
		7CEA73DC26F4BA6100FE3DBA /* Resource */ = {
			isa = PBXGroup;
			children = (
				7CEA73E426F4C03F00FE3DBA /* Development */,
				7CEA73CF26F4B75200FE3DBA /* Assets.xcassets */,
			);
			path = Resource;
			sourceTree = "<group>";
		};
		7CEA73DD26F4BA8200FE3DBA /* Launch */ = {
			isa = PBXGroup;
			children = (
				7CEA73D126F4B75200FE3DBA /* LaunchScreen.storyboard */,
			);
			path = Launch;
			sourceTree = "<group>";
		};
		7CEA73DE26F4BBF900FE3DBA /* Model */ = {
			isa = PBXGroup;
			children = (
				7CEA73E326F4BFFA00FE3DBA /* NetworkModels */,
				7C0EA03E26F5E5D9001457C4 /* DomainModels */,
			);
			path = Model;
			sourceTree = "<group>";
		};
		7CEA73E326F4BFFA00FE3DBA /* NetworkModels */ = {
			isa = PBXGroup;
			children = (
				7CEA73DF26F4BC0E00FE3DBA /* UserNetworkModel.swift */,
				7CEA73E126F4BFB500FE3DBA /* UserProfileNetworkModel.swift */,
				7CD7EDF726F7A3330004DD70 /* HTTPModels.swift */,
			);
			path = NetworkModels;
			sourceTree = "<group>";
		};
		7CEA73E426F4C03F00FE3DBA /* Development */ = {
			isa = PBXGroup;
			children = (
				7CEA73E526F4C06E00FE3DBA /* user_list.json */,
				7CEA73E726F4C08B00FE3DBA /* user_profile.json */,
			);
			path = Development;
			sourceTree = "<group>";
		};
/* End PBXGroup section */

/* Begin PBXNativeTarget section */
		7CEA73C226F4B75000FE3DBA /* tawkGit */ = {
			isa = PBXNativeTarget;
			buildConfigurationList = 7CEA73D726F4B75200FE3DBA /* Build configuration list for PBXNativeTarget "tawkGit" */;
			buildPhases = (
				7CEA73BF26F4B75000FE3DBA /* Sources */,
				7CEA73C026F4B75000FE3DBA /* Frameworks */,
				7CEA73C126F4B75000FE3DBA /* Resources */,
			);
			buildRules = (
			);
			dependencies = (
			);
			name = tawkGit;
			productName = tawkGit;
			productReference = 7CEA73C326F4B75000FE3DBA /* tawkGit.app */;
			productType = "com.apple.product-type.application";
		};
/* End PBXNativeTarget section */

/* Begin PBXProject section */
		7CEA73BB26F4B75000FE3DBA /* Project object */ = {
			isa = PBXProject;
			attributes = {
				LastSwiftUpdateCheck = 1250;
				LastUpgradeCheck = 1250;
				TargetAttributes = {
					7CEA73C226F4B75000FE3DBA = {
						CreatedOnToolsVersion = 12.5;
					};
				};
			};
			buildConfigurationList = 7CEA73BE26F4B75000FE3DBA /* Build configuration list for PBXProject "tawkGit" */;
			compatibilityVersion = "Xcode 9.3";
			developmentRegion = en;
			hasScannedForEncodings = 0;
			knownRegions = (
				en,
				Base,
			);
			mainGroup = 7CEA73BA26F4B75000FE3DBA;
			productRefGroup = 7CEA73C426F4B75000FE3DBA /* Products */;
			projectDirPath = "";
			projectRoot = "";
			targets = (
				7CEA73C226F4B75000FE3DBA /* tawkGit */,
			);
		};
/* End PBXProject section */

/* Begin PBXResourcesBuildPhase section */
		7CEA73C126F4B75000FE3DBA /* Resources */ = {
			isa = PBXResourcesBuildPhase;
			buildActionMask = 2147483647;
			files = (
				7CEA73E826F4C08B00FE3DBA /* user_profile.json in Resources */,
				7CEA73D326F4B75200FE3DBA /* LaunchScreen.storyboard in Resources */,
				7CEA73E626F4C06E00FE3DBA /* user_list.json in Resources */,
				7CEA73D026F4B75200FE3DBA /* Assets.xcassets in Resources */,
			);
			runOnlyForDeploymentPostprocessing = 0;
		};
/* End PBXResourcesBuildPhase section */

/* Begin PBXSourcesBuildPhase section */
		7CEA73BF26F4B75000FE3DBA /* Sources */ = {
			isa = PBXSourcesBuildPhase;
			buildActionMask = 2147483647;
			files = (
				7C33611826F8709B00688EC1 /* MediaMO+CoreDataClass.swift in Sources */,
				7C0EA04026F5E5F0001457C4 /* Media.swift in Sources */,
				7C0EA05326F62060001457C4 /* CoreDataUserRepository.swift in Sources */,
				7C0EA03426F5A110001457C4 /* UITableView+Convenience.swift in Sources */,
				7CEA73E026F4BC0E00FE3DBA /* UserNetworkModel.swift in Sources */,
				7C0EA03726F5A541001457C4 /* NoteUserCell.swift in Sources */,
				7CD7EDFE26F7A5600004DD70 /* DownloadCleint.swift in Sources */,
				7CD7EDF426F758600004DD70 /* AppConfig.swift in Sources */,
				7CEA73CB26F4B75000FE3DBA /* UserListVC.swift in Sources */,
				7C0EA05126F61CE7001457C4 /* User+TableViewItem.swift in Sources */,
				7C0EA04F26F5EE01001457C4 /* User+UserNetworkModel.swift in Sources */,
				7CD7EE0026F7AAD80004DD70 /* HTTPURLResponse+Extensions.swift in Sources */,
				7CD7EDF826F7A3330004DD70 /* HTTPModels.swift in Sources */,
				7C0EA03B26F5D8C6001457C4 /* NavigationController.swift in Sources */,
				7CEA73C726F4B75000FE3DBA /* AppDelegate.swift in Sources */,
				7CD7EDFC26F7A53F0004DD70 /* MediaManager.swift in Sources */,
				7CD7EDFA26F7A3DD0004DD70 /* DownloadTaskOperation.swift in Sources */,
				7C0EA03226F5A105001457C4 /* ReusableView.swift in Sources */,
				7C0EA05526F623B8001457C4 /* BackendUserService.swift in Sources */,
				7CD7EE0826F7B3DD0004DD70 /* UIImageView+Extension.swift in Sources */,
				7CD7EDF026F73EB10004DD70 /* AsyncOperation.swift in Sources */,
				7CD7EDF226F742CA0004DD70 /* DataTaskOperation.swift in Sources */,
				7CD7EE0426F7ADDF0004DD70 /* MediaRepository.swift in Sources */,
				7C33611B26F8747400688EC1 /* FileManager+Extension.swift in Sources */,
				7C0EA04A26F5E6F1001457C4 /* UserRepository.swift in Sources */,
				7C0EA04226F5E60B001457C4 /* User.swift in Sources */,
				7C0EA03026F5998B001457C4 /* UserCell.swift in Sources */,
				7C0EA04626F5E65A001457C4 /* SearchMode.swift in Sources */,
				7C33611926F8709B00688EC1 /* MediaMO+CoreDataProperties.swift in Sources */,
				7C33611526F8515800688EC1 /* CoreDataStack.swift in Sources */,
				7CD7EDF626F7A0D10004DD70 /* AppRequiredInstances.swift in Sources */,
				7CD7EE0D26F7C0BD0004DD70 /* tawk_git.xcdatamodeld in Sources */,
				7C0EA04C26F5E706001457C4 /* UserService.swift in Sources */,
				7CD7EE0A26F7BA510004DD70 /* ImageLoader.swift in Sources */,
				7CD7EE0626F7B2410004DD70 /* CoreDataMediaRepository.swift in Sources */,
				7CD7EDEE26F739C30004DD70 /* HTTPClient.swift in Sources */,
				7CEA73E226F4BFB500FE3DBA /* UserProfileNetworkModel.swift in Sources */,
				7C0EA03D26F5DA7C001457C4 /* UserListPresenter.swift in Sources */,
				7C0EA04426F5E635001457C4 /* UserProfile.swift in Sources */,
			);
			runOnlyForDeploymentPostprocessing = 0;
		};
/* End PBXSourcesBuildPhase section */

/* Begin PBXVariantGroup section */
		7CEA73D126F4B75200FE3DBA /* LaunchScreen.storyboard */ = {
			isa = PBXVariantGroup;
			children = (
				7CEA73D226F4B75200FE3DBA /* Base */,
			);
			name = LaunchScreen.storyboard;
			sourceTree = "<group>";
		};
/* End PBXVariantGroup section */

/* Begin XCBuildConfiguration section */
		7CEA73D526F4B75200FE3DBA /* Debug */ = {
			isa = XCBuildConfiguration;
			buildSettings = {
				ALWAYS_SEARCH_USER_PATHS = NO;
				CLANG_ANALYZER_NONNULL = YES;
				CLANG_ANALYZER_NUMBER_OBJECT_CONVERSION = YES_AGGRESSIVE;
				CLANG_CXX_LANGUAGE_STANDARD = "gnu++14";
				CLANG_CXX_LIBRARY = "libc++";
				CLANG_ENABLE_MODULES = YES;
				CLANG_ENABLE_OBJC_ARC = YES;
				CLANG_ENABLE_OBJC_WEAK = YES;
				CLANG_WARN_BLOCK_CAPTURE_AUTORELEASING = YES;
				CLANG_WARN_BOOL_CONVERSION = YES;
				CLANG_WARN_COMMA = YES;
				CLANG_WARN_CONSTANT_CONVERSION = YES;
				CLANG_WARN_DEPRECATED_OBJC_IMPLEMENTATIONS = YES;
				CLANG_WARN_DIRECT_OBJC_ISA_USAGE = YES_ERROR;
				CLANG_WARN_DOCUMENTATION_COMMENTS = YES;
				CLANG_WARN_EMPTY_BODY = YES;
				CLANG_WARN_ENUM_CONVERSION = YES;
				CLANG_WARN_INFINITE_RECURSION = YES;
				CLANG_WARN_INT_CONVERSION = YES;
				CLANG_WARN_NON_LITERAL_NULL_CONVERSION = YES;
				CLANG_WARN_OBJC_IMPLICIT_RETAIN_SELF = YES;
				CLANG_WARN_OBJC_LITERAL_CONVERSION = YES;
				CLANG_WARN_OBJC_ROOT_CLASS = YES_ERROR;
				CLANG_WARN_QUOTED_INCLUDE_IN_FRAMEWORK_HEADER = YES;
				CLANG_WARN_RANGE_LOOP_ANALYSIS = YES;
				CLANG_WARN_STRICT_PROTOTYPES = YES;
				CLANG_WARN_SUSPICIOUS_MOVE = YES;
				CLANG_WARN_UNGUARDED_AVAILABILITY = YES_AGGRESSIVE;
				CLANG_WARN_UNREACHABLE_CODE = YES;
				CLANG_WARN__DUPLICATE_METHOD_MATCH = YES;
				COPY_PHASE_STRIP = NO;
				DEBUG_INFORMATION_FORMAT = dwarf;
				ENABLE_STRICT_OBJC_MSGSEND = YES;
				ENABLE_TESTABILITY = YES;
				GCC_C_LANGUAGE_STANDARD = gnu11;
				GCC_DYNAMIC_NO_PIC = NO;
				GCC_NO_COMMON_BLOCKS = YES;
				GCC_OPTIMIZATION_LEVEL = 0;
				GCC_PREPROCESSOR_DEFINITIONS = (
					"DEBUG=1",
					"$(inherited)",
				);
				GCC_WARN_64_TO_32_BIT_CONVERSION = YES;
				GCC_WARN_ABOUT_RETURN_TYPE = YES_ERROR;
				GCC_WARN_UNDECLARED_SELECTOR = YES;
				GCC_WARN_UNINITIALIZED_AUTOS = YES_AGGRESSIVE;
				GCC_WARN_UNUSED_FUNCTION = YES;
				GCC_WARN_UNUSED_VARIABLE = YES;
				IPHONEOS_DEPLOYMENT_TARGET = 14.5;
				MTL_ENABLE_DEBUG_INFO = INCLUDE_SOURCE;
				MTL_FAST_MATH = YES;
				ONLY_ACTIVE_ARCH = YES;
				SDKROOT = iphoneos;
				SWIFT_ACTIVE_COMPILATION_CONDITIONS = DEBUG;
				SWIFT_OPTIMIZATION_LEVEL = "-Onone";
			};
			name = Debug;
		};
		7CEA73D626F4B75200FE3DBA /* Release */ = {
			isa = XCBuildConfiguration;
			buildSettings = {
				ALWAYS_SEARCH_USER_PATHS = NO;
				CLANG_ANALYZER_NONNULL = YES;
				CLANG_ANALYZER_NUMBER_OBJECT_CONVERSION = YES_AGGRESSIVE;
				CLANG_CXX_LANGUAGE_STANDARD = "gnu++14";
				CLANG_CXX_LIBRARY = "libc++";
				CLANG_ENABLE_MODULES = YES;
				CLANG_ENABLE_OBJC_ARC = YES;
				CLANG_ENABLE_OBJC_WEAK = YES;
				CLANG_WARN_BLOCK_CAPTURE_AUTORELEASING = YES;
				CLANG_WARN_BOOL_CONVERSION = YES;
				CLANG_WARN_COMMA = YES;
				CLANG_WARN_CONSTANT_CONVERSION = YES;
				CLANG_WARN_DEPRECATED_OBJC_IMPLEMENTATIONS = YES;
				CLANG_WARN_DIRECT_OBJC_ISA_USAGE = YES_ERROR;
				CLANG_WARN_DOCUMENTATION_COMMENTS = YES;
				CLANG_WARN_EMPTY_BODY = YES;
				CLANG_WARN_ENUM_CONVERSION = YES;
				CLANG_WARN_INFINITE_RECURSION = YES;
				CLANG_WARN_INT_CONVERSION = YES;
				CLANG_WARN_NON_LITERAL_NULL_CONVERSION = YES;
				CLANG_WARN_OBJC_IMPLICIT_RETAIN_SELF = YES;
				CLANG_WARN_OBJC_LITERAL_CONVERSION = YES;
				CLANG_WARN_OBJC_ROOT_CLASS = YES_ERROR;
				CLANG_WARN_QUOTED_INCLUDE_IN_FRAMEWORK_HEADER = YES;
				CLANG_WARN_RANGE_LOOP_ANALYSIS = YES;
				CLANG_WARN_STRICT_PROTOTYPES = YES;
				CLANG_WARN_SUSPICIOUS_MOVE = YES;
				CLANG_WARN_UNGUARDED_AVAILABILITY = YES_AGGRESSIVE;
				CLANG_WARN_UNREACHABLE_CODE = YES;
				CLANG_WARN__DUPLICATE_METHOD_MATCH = YES;
				COPY_PHASE_STRIP = NO;
				DEBUG_INFORMATION_FORMAT = "dwarf-with-dsym";
				ENABLE_NS_ASSERTIONS = NO;
				ENABLE_STRICT_OBJC_MSGSEND = YES;
				GCC_C_LANGUAGE_STANDARD = gnu11;
				GCC_NO_COMMON_BLOCKS = YES;
				GCC_WARN_64_TO_32_BIT_CONVERSION = YES;
				GCC_WARN_ABOUT_RETURN_TYPE = YES_ERROR;
				GCC_WARN_UNDECLARED_SELECTOR = YES;
				GCC_WARN_UNINITIALIZED_AUTOS = YES_AGGRESSIVE;
				GCC_WARN_UNUSED_FUNCTION = YES;
				GCC_WARN_UNUSED_VARIABLE = YES;
				IPHONEOS_DEPLOYMENT_TARGET = 14.5;
				MTL_ENABLE_DEBUG_INFO = NO;
				MTL_FAST_MATH = YES;
				SDKROOT = iphoneos;
				SWIFT_COMPILATION_MODE = wholemodule;
				SWIFT_OPTIMIZATION_LEVEL = "-O";
				VALIDATE_PRODUCT = YES;
			};
			name = Release;
		};
		7CEA73D826F4B75200FE3DBA /* Debug */ = {
			isa = XCBuildConfiguration;
			buildSettings = {
				ASSETCATALOG_COMPILER_APPICON_NAME = AppIcon;
				ASSETCATALOG_COMPILER_GLOBAL_ACCENT_COLOR_NAME = AccentColor;
				CODE_SIGN_IDENTITY = "Apple Development";
				CODE_SIGN_STYLE = Automatic;
				DEVELOPMENT_TEAM = 5F3NR8DAZL;
				INFOPLIST_FILE = tawkGit/App/Info.plist;
				IPHONEOS_DEPLOYMENT_TARGET = 13.0;
				LD_RUNPATH_SEARCH_PATHS = (
					"$(inherited)",
					"@executable_path/Frameworks",
				);
				PRODUCT_BUNDLE_IDENTIFIER = dev.nazmul.islam.tawkGit;
				PRODUCT_NAME = "$(TARGET_NAME)";
				PROVISIONING_PROFILE_SPECIFIER = "";
				SWIFT_VERSION = 5.0;
				TARGETED_DEVICE_FAMILY = "1,2";
			};
			name = Debug;
		};
		7CEA73D926F4B75200FE3DBA /* Release */ = {
			isa = XCBuildConfiguration;
			buildSettings = {
				ASSETCATALOG_COMPILER_APPICON_NAME = AppIcon;
				ASSETCATALOG_COMPILER_GLOBAL_ACCENT_COLOR_NAME = AccentColor;
				CODE_SIGN_IDENTITY = "Apple Development";
				CODE_SIGN_STYLE = Automatic;
				DEVELOPMENT_TEAM = 5F3NR8DAZL;
				INFOPLIST_FILE = tawkGit/App/Info.plist;
				IPHONEOS_DEPLOYMENT_TARGET = 13.0;
				LD_RUNPATH_SEARCH_PATHS = (
					"$(inherited)",
					"@executable_path/Frameworks",
				);
				PRODUCT_BUNDLE_IDENTIFIER = dev.nazmul.islam.tawkGit;
				PRODUCT_NAME = "$(TARGET_NAME)";
				PROVISIONING_PROFILE_SPECIFIER = "";
				SWIFT_VERSION = 5.0;
				TARGETED_DEVICE_FAMILY = "1,2";
			};
			name = Release;
		};
/* End XCBuildConfiguration section */

/* Begin XCConfigurationList section */
		7CEA73BE26F4B75000FE3DBA /* Build configuration list for PBXProject "tawkGit" */ = {
			isa = XCConfigurationList;
			buildConfigurations = (
				7CEA73D526F4B75200FE3DBA /* Debug */,
				7CEA73D626F4B75200FE3DBA /* Release */,
			);
			defaultConfigurationIsVisible = 0;
			defaultConfigurationName = Release;
		};
		7CEA73D726F4B75200FE3DBA /* Build configuration list for PBXNativeTarget "tawkGit" */ = {
			isa = XCConfigurationList;
			buildConfigurations = (
				7CEA73D826F4B75200FE3DBA /* Debug */,
				7CEA73D926F4B75200FE3DBA /* Release */,
			);
			defaultConfigurationIsVisible = 0;
			defaultConfigurationName = Release;
		};
/* End XCConfigurationList section */

/* Begin XCVersionGroup section */
		7CD7EE0B26F7C0BD0004DD70 /* tawk_git.xcdatamodeld */ = {
			isa = XCVersionGroup;
			children = (
				7CD7EE0C26F7C0BD0004DD70 /* tawk_git.xcdatamodel */,
			);
			currentVersion = 7CD7EE0C26F7C0BD0004DD70 /* tawk_git.xcdatamodel */;
			path = tawk_git.xcdatamodeld;
			sourceTree = "<group>";
			versionGroupType = wrapper.xcdatamodel;
		};
/* End XCVersionGroup section */
	};
	rootObject = 7CEA73BB26F4B75000FE3DBA /* Project object */;
}
