// !$*UTF8*$!
{
	archiveVersion = 1;
	classes = {
	};
	objectVersion = 50;
	objects = {

/* Begin PBXBuildFile section */
		7CEA73C726F4B75000FE3DBA /* AppDelegate.swift in Sources */ = {isa = PBXBuildFile; fileRef = 7CEA73C626F4B75000FE3DBA /* AppDelegate.swift */; };
		7CEA73CB26F4B75000FE3DBA /* ViewController.swift in Sources */ = {isa = PBXBuildFile; fileRef = 7CEA73CA26F4B75000FE3DBA /* ViewController.swift */; };
		7CEA73D026F4B75200FE3DBA /* Assets.xcassets in Resources */ = {isa = PBXBuildFile; fileRef = 7CEA73CF26F4B75200FE3DBA /* Assets.xcassets */; };
		7CEA73D326F4B75200FE3DBA /* LaunchScreen.storyboard in Resources */ = {isa = PBXBuildFile; fileRef = 7CEA73D126F4B75200FE3DBA /* LaunchScreen.storyboard */; };
		7CEA73E026F4BC0E00FE3DBA /* UserNetworkModel.swift in Sources */ = {isa = PBXBuildFile; fileRef = 7CEA73DF26F4BC0E00FE3DBA /* UserNetworkModel.swift */; };
		7CEA73E226F4BFB500FE3DBA /* UserProfileNetworkModel.swift in Sources */ = {isa = PBXBuildFile; fileRef = 7CEA73E126F4BFB500FE3DBA /* UserProfileNetworkModel.swift */; };
		7CEA73E626F4C06E00FE3DBA /* user_list.json in Resources */ = {isa = PBXBuildFile; fileRef = 7CEA73E526F4C06E00FE3DBA /* user_list.json */; };
		7CEA73E826F4C08B00FE3DBA /* user_profile.json in Resources */ = {isa = PBXBuildFile; fileRef = 7CEA73E726F4C08B00FE3DBA /* user_profile.json */; };
/* End PBXBuildFile section */

/* Begin PBXFileReference section */
		7CEA73C326F4B75000FE3DBA /* tawkGit.app */ = {isa = PBXFileReference; explicitFileType = wrapper.application; includeInIndex = 0; path = tawkGit.app; sourceTree = BUILT_PRODUCTS_DIR; };
		7CEA73C626F4B75000FE3DBA /* AppDelegate.swift */ = {isa = PBXFileReference; lastKnownFileType = sourcecode.swift; path = AppDelegate.swift; sourceTree = "<group>"; };
		7CEA73CA26F4B75000FE3DBA /* ViewController.swift */ = {isa = PBXFileReference; lastKnownFileType = sourcecode.swift; path = ViewController.swift; sourceTree = "<group>"; };
		7CEA73CF26F4B75200FE3DBA /* Assets.xcassets */ = {isa = PBXFileReference; lastKnownFileType = folder.assetcatalog; path = Assets.xcassets; sourceTree = "<group>"; };
		7CEA73D226F4B75200FE3DBA /* Base */ = {isa = PBXFileReference; lastKnownFileType = file.storyboard; name = Base; path = Base.lproj/LaunchScreen.storyboard; sourceTree = "<group>"; };
		7CEA73D426F4B75200FE3DBA /* Info.plist */ = {isa = PBXFileReference; lastKnownFileType = text.plist.xml; path = Info.plist; sourceTree = "<group>"; };
		7CEA73DF26F4BC0E00FE3DBA /* UserNetworkModel.swift */ = {isa = PBXFileReference; lastKnownFileType = sourcecode.swift; path = UserNetworkModel.swift; sourceTree = "<group>"; };
		7CEA73E126F4BFB500FE3DBA /* UserProfileNetworkModel.swift */ = {isa = PBXFileReference; lastKnownFileType = sourcecode.swift; path = UserProfileNetworkModel.swift; sourceTree = "<group>"; };
		7CEA73E526F4C06E00FE3DBA /* user_list.json */ = {isa = PBXFileReference; lastKnownFileType = text.json; path = user_list.json; sourceTree = "<group>"; };
		7CEA73E726F4C08B00FE3DBA /* user_profile.json */ = {isa = PBXFileReference; lastKnownFileType = text.json; path = user_profile.json; sourceTree = "<group>"; };
/* End PBXFileReference section */

/* Begin PBXFrameworksBuildPhase section */
		7CEA73C026F4B75000FE3DBA /* Frameworks */ = {
			isa = PBXFrameworksBuildPhase;
			buildActionMask = 2147483647;
			files = (
			);
			runOnlyForDeploymentPostprocessing = 0;
		};
/* End PBXFrameworksBuildPhase section */

/* Begin PBXGroup section */
		7CEA73BA26F4B75000FE3DBA = {
			isa = PBXGroup;
			children = (
				7CEA73C526F4B75000FE3DBA /* tawkGit */,
				7CEA73C426F4B75000FE3DBA /* Products */,
			);
			sourceTree = "<group>";
		};
		7CEA73C426F4B75000FE3DBA /* Products */ = {
			isa = PBXGroup;
			children = (
				7CEA73C326F4B75000FE3DBA /* tawkGit.app */,
			);
			name = Products;
			sourceTree = "<group>";
		};
		7CEA73C526F4B75000FE3DBA /* tawkGit */ = {
			isa = PBXGroup;
			children = (
				7CEA73DA26F4BA3900FE3DBA /* App */,
				7CEA73DE26F4BBF900FE3DBA /* Model */,
				7CEA73DB26F4BA4E00FE3DBA /* View */,
				7CEA73DC26F4BA6100FE3DBA /* Resource */,
			);
			path = tawkGit;
			sourceTree = "<group>";
		};
		7CEA73DA26F4BA3900FE3DBA /* App */ = {
			isa = PBXGroup;
			children = (
				7CEA73D426F4B75200FE3DBA /* Info.plist */,
				7CEA73C626F4B75000FE3DBA /* AppDelegate.swift */,
			);
			path = App;
			sourceTree = "<group>";
		};
		7CEA73DB26F4BA4E00FE3DBA /* View */ = {
			isa = PBXGroup;
			children = (
				7CEA73DD26F4BA8200FE3DBA /* Launch */,
				7CEA73CA26F4B75000FE3DBA /* ViewController.swift */,
			);
			path = View;
			sourceTree = "<group>";
		};
		7CEA73DC26F4BA6100FE3DBA /* Resource */ = {
			isa = PBXGroup;
			children = (
				7CEA73E426F4C03F00FE3DBA /* Development */,
				7CEA73CF26F4B75200FE3DBA /* Assets.xcassets */,
			);
			path = Resource;
			sourceTree = "<group>";
		};
		7CEA73DD26F4BA8200FE3DBA /* Launch */ = {
			isa = PBXGroup;
			children = (
				7CEA73D126F4B75200FE3DBA /* LaunchScreen.storyboard */,
			);
			path = Launch;
			sourceTree = "<group>";
		};
		7CEA73DE26F4BBF900FE3DBA /* Model */ = {
			isa = PBXGroup;
			children = (
				7CEA73E326F4BFFA00FE3DBA /* NetworkModels */,
			);
			path = Model;
			sourceTree = "<group>";
		};
		7CEA73E326F4BFFA00FE3DBA /* NetworkModels */ = {
			isa = PBXGroup;
			children = (
				7CEA73DF26F4BC0E00FE3DBA /* UserNetworkModel.swift */,
				7CEA73E126F4BFB500FE3DBA /* UserProfileNetworkModel.swift */,
			);
			path = NetworkModels;
			sourceTree = "<group>";
		};
		7CEA73E426F4C03F00FE3DBA /* Development */ = {
			isa = PBXGroup;
			children = (
				7CEA73E526F4C06E00FE3DBA /* user_list.json */,
				7CEA73E726F4C08B00FE3DBA /* user_profile.json */,
			);
			path = Development;
			sourceTree = "<group>";
		};
/* End PBXGroup section */

/* Begin PBXNativeTarget section */
		7CEA73C226F4B75000FE3DBA /* tawkGit */ = {
			isa = PBXNativeTarget;
			buildConfigurationList = 7CEA73D726F4B75200FE3DBA /* Build configuration list for PBXNativeTarget "tawkGit" */;
			buildPhases = (
				7CEA73BF26F4B75000FE3DBA /* Sources */,
				7CEA73C026F4B75000FE3DBA /* Frameworks */,
				7CEA73C126F4B75000FE3DBA /* Resources */,
			);
			buildRules = (
			);
			dependencies = (
			);
			name = tawkGit;
			productName = tawkGit;
			productReference = 7CEA73C326F4B75000FE3DBA /* tawkGit.app */;
			productType = "com.apple.product-type.application";
		};
/* End PBXNativeTarget section */

/* Begin PBXProject section */
		7CEA73BB26F4B75000FE3DBA /* Project object */ = {
			isa = PBXProject;
			attributes = {
				LastSwiftUpdateCheck = 1250;
				LastUpgradeCheck = 1250;
				TargetAttributes = {
					7CEA73C226F4B75000FE3DBA = {
						CreatedOnToolsVersion = 12.5;
					};
				};
			};
			buildConfigurationList = 7CEA73BE26F4B75000FE3DBA /* Build configuration list for PBXProject "tawkGit" */;
			compatibilityVersion = "Xcode 9.3";
			developmentRegion = en;
			hasScannedForEncodings = 0;
			knownRegions = (
				en,
				Base,
			);
			mainGroup = 7CEA73BA26F4B75000FE3DBA;
			productRefGroup = 7CEA73C426F4B75000FE3DBA /* Products */;
			projectDirPath = "";
			projectRoot = "";
			targets = (
				7CEA73C226F4B75000FE3DBA /* tawkGit */,
			);
		};
/* End PBXProject section */

/* Begin PBXResourcesBuildPhase section */
		7CEA73C126F4B75000FE3DBA /* Resources */ = {
			isa = PBXResourcesBuildPhase;
			buildActionMask = 2147483647;
			files = (
				7CEA73E826F4C08B00FE3DBA /* user_profile.json in Resources */,
				7CEA73D326F4B75200FE3DBA /* LaunchScreen.storyboard in Resources */,
				7CEA73E626F4C06E00FE3DBA /* user_list.json in Resources */,
				7CEA73D026F4B75200FE3DBA /* Assets.xcassets in Resources */,
			);
			runOnlyForDeploymentPostprocessing = 0;
		};
/* End PBXResourcesBuildPhase section */

/* Begin PBXSourcesBuildPhase section */
		7CEA73BF26F4B75000FE3DBA /* Sources */ = {
			isa = PBXSourcesBuildPhase;
			buildActionMask = 2147483647;
			files = (
				7CEA73E026F4BC0E00FE3DBA /* UserNetworkModel.swift in Sources */,
				7CEA73CB26F4B75000FE3DBA /* ViewController.swift in Sources */,
				7CEA73C726F4B75000FE3DBA /* AppDelegate.swift in Sources */,
				7CEA73E226F4BFB500FE3DBA /* UserProfileNetworkModel.swift in Sources */,
			);
			runOnlyForDeploymentPostprocessing = 0;
		};
/* End PBXSourcesBuildPhase section */

/* Begin PBXVariantGroup section */
		7CEA73D126F4B75200FE3DBA /* LaunchScreen.storyboard */ = {
			isa = PBXVariantGroup;
			children = (
				7CEA73D226F4B75200FE3DBA /* Base */,
			);
			name = LaunchScreen.storyboard;
			sourceTree = "<group>";
		};
/* End PBXVariantGroup section */

/* Begin XCBuildConfiguration section */
		7CEA73D526F4B75200FE3DBA /* Debug */ = {
			isa = XCBuildConfiguration;
			buildSettings = {
				ALWAYS_SEARCH_USER_PATHS = NO;
				CLANG_ANALYZER_NONNULL = YES;
				CLANG_ANALYZER_NUMBER_OBJECT_CONVERSION = YES_AGGRESSIVE;
				CLANG_CXX_LANGUAGE_STANDARD = "gnu++14";
				CLANG_CXX_LIBRARY = "libc++";
				CLANG_ENABLE_MODULES = YES;
				CLANG_ENABLE_OBJC_ARC = YES;
				CLANG_ENABLE_OBJC_WEAK = YES;
				CLANG_WARN_BLOCK_CAPTURE_AUTORELEASING = YES;
				CLANG_WARN_BOOL_CONVERSION = YES;
				CLANG_WARN_COMMA = YES;
				CLANG_WARN_CONSTANT_CONVERSION = YES;
				CLANG_WARN_DEPRECATED_OBJC_IMPLEMENTATIONS = YES;
				CLANG_WARN_DIRECT_OBJC_ISA_USAGE = YES_ERROR;
				CLANG_WARN_DOCUMENTATION_COMMENTS = YES;
				CLANG_WARN_EMPTY_BODY = YES;
				CLANG_WARN_ENUM_CONVERSION = YES;
				CLANG_WARN_INFINITE_RECURSION = YES;
				CLANG_WARN_INT_CONVERSION = YES;
				CLANG_WARN_NON_LITERAL_NULL_CONVERSION = YES;
				CLANG_WARN_OBJC_IMPLICIT_RETAIN_SELF = YES;
				CLANG_WARN_OBJC_LITERAL_CONVERSION = YES;
				CLANG_WARN_OBJC_ROOT_CLASS = YES_ERROR;
				CLANG_WARN_QUOTED_INCLUDE_IN_FRAMEWORK_HEADER = YES;
				CLANG_WARN_RANGE_LOOP_ANALYSIS = YES;
				CLANG_WARN_STRICT_PROTOTYPES = YES;
				CLANG_WARN_SUSPICIOUS_MOVE = YES;
				CLANG_WARN_UNGUARDED_AVAILABILITY = YES_AGGRESSIVE;
				CLANG_WARN_UNREACHABLE_CODE = YES;
				CLANG_WARN__DUPLICATE_METHOD_MATCH = YES;
				COPY_PHASE_STRIP = NO;
				DEBUG_INFORMATION_FORMAT = dwarf;
				ENABLE_STRICT_OBJC_MSGSEND = YES;
				ENABLE_TESTABILITY = YES;
				GCC_C_LANGUAGE_STANDARD = gnu11;
				GCC_DYNAMIC_NO_PIC = NO;
				GCC_NO_COMMON_BLOCKS = YES;
				GCC_OPTIMIZATION_LEVEL = 0;
				GCC_PREPROCESSOR_DEFINITIONS = (
					"DEBUG=1",
					"$(inherited)",
				);
				GCC_WARN_64_TO_32_BIT_CONVERSION = YES;
				GCC_WARN_ABOUT_RETURN_TYPE = YES_ERROR;
				GCC_WARN_UNDECLARED_SELECTOR = YES;
				GCC_WARN_UNINITIALIZED_AUTOS = YES_AGGRESSIVE;
				GCC_WARN_UNUSED_FUNCTION = YES;
				GCC_WARN_UNUSED_VARIABLE = YES;
				IPHONEOS_DEPLOYMENT_TARGET = 14.5;
				MTL_ENABLE_DEBUG_INFO = INCLUDE_SOURCE;
				MTL_FAST_MATH = YES;
				ONLY_ACTIVE_ARCH = YES;
				SDKROOT = iphoneos;
				SWIFT_ACTIVE_COMPILATION_CONDITIONS = DEBUG;
				SWIFT_OPTIMIZATION_LEVEL = "-Onone";
			};
			name = Debug;
		};
		7CEA73D626F4B75200FE3DBA /* Release */ = {
			isa = XCBuildConfiguration;
			buildSettings = {
				ALWAYS_SEARCH_USER_PATHS = NO;
				CLANG_ANALYZER_NONNULL = YES;
				CLANG_ANALYZER_NUMBER_OBJECT_CONVERSION = YES_AGGRESSIVE;
				CLANG_CXX_LANGUAGE_STANDARD = "gnu++14";
				CLANG_CXX_LIBRARY = "libc++";
				CLANG_ENABLE_MODULES = YES;
				CLANG_ENABLE_OBJC_ARC = YES;
				CLANG_ENABLE_OBJC_WEAK = YES;
				CLANG_WARN_BLOCK_CAPTURE_AUTORELEASING = YES;
				CLANG_WARN_BOOL_CONVERSION = YES;
				CLANG_WARN_COMMA = YES;
				CLANG_WARN_CONSTANT_CONVERSION = YES;
				CLANG_WARN_DEPRECATED_OBJC_IMPLEMENTATIONS = YES;
				CLANG_WARN_DIRECT_OBJC_ISA_USAGE = YES_ERROR;
				CLANG_WARN_DOCUMENTATION_COMMENTS = YES;
				CLANG_WARN_EMPTY_BODY = YES;
				CLANG_WARN_ENUM_CONVERSION = YES;
				CLANG_WARN_INFINITE_RECURSION = YES;
				CLANG_WARN_INT_CONVERSION = YES;
				CLANG_WARN_NON_LITERAL_NULL_CONVERSION = YES;
				CLANG_WARN_OBJC_IMPLICIT_RETAIN_SELF = YES;
				CLANG_WARN_OBJC_LITERAL_CONVERSION = YES;
				CLANG_WARN_OBJC_ROOT_CLASS = YES_ERROR;
				CLANG_WARN_QUOTED_INCLUDE_IN_FRAMEWORK_HEADER = YES;
				CLANG_WARN_RANGE_LOOP_ANALYSIS = YES;
				CLANG_WARN_STRICT_PROTOTYPES = YES;
				CLANG_WARN_SUSPICIOUS_MOVE = YES;
				CLANG_WARN_UNGUARDED_AVAILABILITY = YES_AGGRESSIVE;
				CLANG_WARN_UNREACHABLE_CODE = YES;
				CLANG_WARN__DUPLICATE_METHOD_MATCH = YES;
				COPY_PHASE_STRIP = NO;
				DEBUG_INFORMATION_FORMAT = "dwarf-with-dsym";
				ENABLE_NS_ASSERTIONS = NO;
				ENABLE_STRICT_OBJC_MSGSEND = YES;
				GCC_C_LANGUAGE_STANDARD = gnu11;
				GCC_NO_COMMON_BLOCKS = YES;
				GCC_WARN_64_TO_32_BIT_CONVERSION = YES;
				GCC_WARN_ABOUT_RETURN_TYPE = YES_ERROR;
				GCC_WARN_UNDECLARED_SELECTOR = YES;
				GCC_WARN_UNINITIALIZED_AUTOS = YES_AGGRESSIVE;
				GCC_WARN_UNUSED_FUNCTION = YES;
				GCC_WARN_UNUSED_VARIABLE = YES;
				IPHONEOS_DEPLOYMENT_TARGET = 14.5;
				MTL_ENABLE_DEBUG_INFO = NO;
				MTL_FAST_MATH = YES;
				SDKROOT = iphoneos;
				SWIFT_COMPILATION_MODE = wholemodule;
				SWIFT_OPTIMIZATION_LEVEL = "-O";
				VALIDATE_PRODUCT = YES;
			};
			name = Release;
		};
		7CEA73D826F4B75200FE3DBA /* Debug */ = {
			isa = XCBuildConfiguration;
			buildSettings = {
				ASSETCATALOG_COMPILER_APPICON_NAME = AppIcon;
				ASSETCATALOG_COMPILER_GLOBAL_ACCENT_COLOR_NAME = AccentColor;
				CODE_SIGN_IDENTITY = "Apple Development";
				CODE_SIGN_STYLE = Automatic;
				DEVELOPMENT_TEAM = 5F3NR8DAZL;
				INFOPLIST_FILE = tawkGit/App/Info.plist;
				IPHONEOS_DEPLOYMENT_TARGET = 13.0;
				LD_RUNPATH_SEARCH_PATHS = (
					"$(inherited)",
					"@executable_path/Frameworks",
				);
				PRODUCT_BUNDLE_IDENTIFIER = dev.nazmul.islam.tawkGit;
				PRODUCT_NAME = "$(TARGET_NAME)";
				PROVISIONING_PROFILE_SPECIFIER = "";
				SWIFT_VERSION = 5.0;
				TARGETED_DEVICE_FAMILY = "1,2";
			};
			name = Debug;
		};
		7CEA73D926F4B75200FE3DBA /* Release */ = {
			isa = XCBuildConfiguration;
			buildSettings = {
				ASSETCATALOG_COMPILER_APPICON_NAME = AppIcon;
				ASSETCATALOG_COMPILER_GLOBAL_ACCENT_COLOR_NAME = AccentColor;
				CODE_SIGN_IDENTITY = "Apple Development";
				CODE_SIGN_STYLE = Automatic;
				DEVELOPMENT_TEAM = 5F3NR8DAZL;
				INFOPLIST_FILE = tawkGit/App/Info.plist;
				IPHONEOS_DEPLOYMENT_TARGET = 13.0;
				LD_RUNPATH_SEARCH_PATHS = (
					"$(inherited)",
					"@executable_path/Frameworks",
				);
				PRODUCT_BUNDLE_IDENTIFIER = dev.nazmul.islam.tawkGit;
				PRODUCT_NAME = "$(TARGET_NAME)";
				PROVISIONING_PROFILE_SPECIFIER = "";
				SWIFT_VERSION = 5.0;
				TARGETED_DEVICE_FAMILY = "1,2";
			};
			name = Release;
		};
/* End XCBuildConfiguration section */

/* Begin XCConfigurationList section */
		7CEA73BE26F4B75000FE3DBA /* Build configuration list for PBXProject "tawkGit" */ = {
			isa = XCConfigurationList;
			buildConfigurations = (
				7CEA73D526F4B75200FE3DBA /* Debug */,
				7CEA73D626F4B75200FE3DBA /* Release */,
			);
			defaultConfigurationIsVisible = 0;
			defaultConfigurationName = Release;
		};
		7CEA73D726F4B75200FE3DBA /* Build configuration list for PBXNativeTarget "tawkGit" */ = {
			isa = XCConfigurationList;
			buildConfigurations = (
				7CEA73D826F4B75200FE3DBA /* Debug */,
				7CEA73D926F4B75200FE3DBA /* Release */,
			);
			defaultConfigurationIsVisible = 0;
			defaultConfigurationName = Release;
		};
/* End XCConfigurationList section */
	};
	rootObject = 7CEA73BB26F4B75000FE3DBA /* Project object */;
}
